
Microsoft Visual Studio Solution File, Format Version 11.00
# Visual Studio 2010
Project("{FAE04EC0-301F-11D3-BF4B-00C04F79EFBC}") = "crosstales", "crosstales.csproj", "{DE639103-D7B7-C215-603C-2EDF92D13B8D}"
EndProject
Project("{FAE04EC0-301F-11D3-BF4B-00C04F79EFBC}") = "Assembly-CSharp", "Assembly-CSharp.csproj", "{7567FAD0-408E-210A-C959-6079AE3C5179}"
EndProject
Global
	GlobalSection(SolutionConfigurationPlatforms) = preSolution
		Debug|Any CPU = Debug|Any CPU
		Release|Any CPU = Release|Any CPU
	EndGlobalSection
	GlobalSection(ProjectConfigurationPlatforms) = postSolution
		{DE639103-D7B7-C215-603C-2EDF92D13B8D}.Debug|Any CPU.ActiveCfg = Debug|Any CPU
		{DE639103-D7B7-C215-603C-2EDF92D13B8D}.Debug|Any CPU.Build.0 = Debug|Any CPU
		{DE639103-D7B7-C215-603C-2EDF92D13B8D}.Release|Any CPU.ActiveCfg = Release|Any CPU
		{DE639103-D7B7-C215-603C-2EDF92D13B8D}.Release|Any CPU.Build.0 = Release|Any CPU
		{7567FAD0-408E-210A-C959-6079AE3C5179}.Debug|Any CPU.ActiveCfg = Debug|Any CPU
		{7567FAD0-408E-210A-C959-6079AE3C5179}.Debug|Any CPU.Build.0 = Debug|Any CPU
		{7567FAD0-408E-210A-C959-6079AE3C5179}.Release|Any CPU.ActiveCfg = Release|Any CPU
		{7567FAD0-408E-210A-C959-6079AE3C5179}.Release|Any CPU.Build.0 = Release|Any CPU
	EndGlobalSection
	GlobalSection(SolutionProperties) = preSolution
		HideSolutionNode = FALSE
	EndGlobalSection
EndGlobal
